{
  "name": "vicecityradiobot",
  "version": "1.0.0",
  "description": "A web interface for changing radio stations in GTA Vice City",
  "main": "templates/index.html",
  "scripts": {
    "start": "python gtatadio_script.py"
  },
  "repository": {
    "type": "git",
    "url": "git://github.com/yourusername/vicecityradiobot.git"
  },
  "author": "Your Name",
  "license": "ISC",
  "dependencies": {}
}